
Microsoft Visual Studio Solution File, Format Version 12.00
# Visual Studio 15
VisualStudioVersion = 15.0.27004.2009
MinimumVisualStudioVersion = 10.0.40219.1
Project("{FAE04EC0-301F-11D3-BF4B-00C04F79EFBC}") = "WebService", "WebService\WebService.csproj", "{BD93BBEE-AACE-4AAD-8953-6F4B4ECF9F5A}"
EndProject
Project("{FAE04EC0-301F-11D3-BF4B-00C04F79EFBC}") = "Backend", "Backend\Backend.csproj", "{B4B394ED-2DE0-4E17-997C-BE486F455128}"
EndProject
Global
	GlobalSection(SolutionConfigurationPlatforms) = preSolution
		Debug|Any CPU = Debug|Any CPU
		Release|Any CPU = Release|Any CPU
	EndGlobalSection
	GlobalSection(ProjectConfigurationPlatforms) = postSolution
		{BD93BBEE-AACE-4AAD-8953-6F4B4ECF9F5A}.Debug|Any CPU.ActiveCfg = Debug|Any CPU
		{BD93BBEE-AACE-4AAD-8953-6F4B4ECF9F5A}.Debug|Any CPU.Build.0 = Debug|Any CPU
		{BD93BBEE-AACE-4AAD-8953-6F4B4ECF9F5A}.Release|Any CPU.ActiveCfg = Release|Any CPU
		{BD93BBEE-AACE-4AAD-8953-6F4B4ECF9F5A}.Release|Any CPU.Build.0 = Release|Any CPU
		{B4B394ED-2DE0-4E17-997C-BE486F455128}.Debug|Any CPU.ActiveCfg = Debug|Any CPU
		{B4B394ED-2DE0-4E17-997C-BE486F455128}.Debug|Any CPU.Build.0 = Debug|Any CPU
		{B4B394ED-2DE0-4E17-997C-BE486F455128}.Release|Any CPU.ActiveCfg = Release|Any CPU
		{B4B394ED-2DE0-4E17-997C-BE486F455128}.Release|Any CPU.Build.0 = Release|Any CPU
	EndGlobalSection
	GlobalSection(SolutionProperties) = preSolution
		HideSolutionNode = FALSE
	EndGlobalSection
	GlobalSection(ExtensibilityGlobals) = postSolution
		SolutionGuid = {851BEE12-D8CD-4404-9284-D74E0269CA3E}
	EndGlobalSection
	GlobalSection(TeamFoundationVersionControl) = preSolution
		SccNumberOfProjects = 3
		SccEnterpriseProvider = {4CA58AB2-18FA-4F8D-95D4-32DDF27D184C}
		SccTeamFoundationServer = https://fabrica32.visualstudio.com/
		SccLocalPath0 = .
		SccProjectUniqueName1 = WebService\\WebService.csproj
		SccProjectName1 = WebService
		SccLocalPath1 = WebService
		SccProjectUniqueName2 = Backend\\Backend.csproj
		SccProjectName2 = Backend
		SccLocalPath2 = Backend
	EndGlobalSection
EndGlobal
